{
  "originHash" : "4361e52c199c941ace4ca058d9af60cdcfc46890336e9eca1529459a9d50fa95",
  "pins" : [
    {
      "identity" : "iroh-ffi",
      "kind" : "remoteSourceControl",
      "location" : "https://github.com/manaflow-ai/iroh-ffi.git",
      "state" : {
        "revision" : "af08f0e1b9bb3ddb839210b175738d5761fea686",
        "version" : "1.0.2-cmux.7.ios17.3"
      }
    }
  ],
  "version" : 3
}
